
Microsoft Visual Studio Solution File, Format Version 12.00
# Visual Studio Version 17
VisualStudioVersion = 17.0.31903.59
MinimumVisualStudioVersion = 10.0.40219.1
Project("{FAE04EC0-301F-11D3-BF4B-00C04F79EFBC}") = "Backend-Plicin", "Backend-Plicin\Backend-Plicin.csproj", "{F664B762-C0B1-465D-B89B-946F7C67D7CF}"
EndProject
Global
	GlobalSection(SolutionConfigurationPlatforms) = preSolution
		Debug|Any CPU = Debug|Any CPU
		Release|Any CPU = Release|Any CPU
	EndGlobalSection
	GlobalSection(SolutionProperties) = preSolution
		HideSolutionNode = FALSE
	EndGlobalSection
	GlobalSection(ProjectConfigurationPlatforms) = postSolution
		{F664B762-C0B1-465D-B89B-946F7C67D7CF}.Debug|Any CPU.ActiveCfg = Debug|Any CPU
		{F664B762-C0B1-465D-B89B-946F7C67D7CF}.Debug|Any CPU.Build.0 = Debug|Any CPU
		{F664B762-C0B1-465D-B89B-946F7C67D7CF}.Release|Any CPU.ActiveCfg = Release|Any CPU
		{F664B762-C0B1-465D-B89B-946F7C67D7CF}.Release|Any CPU.Build.0 = Release|Any CPU
	EndGlobalSection
EndGlobal
